// !$*UTF8*$!
{
	archiveVersion = 1;
	classes = {
	};
	objectVersion = 50;
	objects = {

/* Begin PBXBuildFile section */
		2FB9C5C126163D9F00BDE02F /* AppDelegate.swift in Sources */ = {isa = PBXBuildFile; fileRef = 2FB9C5C026163D9F00BDE02F /* AppDelegate.swift */; };
		2FB9C5C326163D9F00BDE02F /* ViewController.swift in Sources */ = {isa = PBXBuildFile; fileRef = 2FB9C5C226163D9F00BDE02F /* ViewController.swift */; };
		2FB9C5C526163DA100BDE02F /* Assets.xcassets in Resources */ = {isa = PBXBuildFile; fileRef = 2FB9C5C426163DA100BDE02F /* Assets.xcassets */; };
		2FB9C5C826163DA100BDE02F /* Main.storyboard in Resources */ = {isa = PBXBuildFile; fileRef = 2FB9C5C626163DA100BDE02F /* Main.storyboard */; };
		2FB9C5D32616890F00BDE02F /* VisionObjectRecognitionViewController.swift in Sources */ = {isa = PBXBuildFile; fileRef = 2FB9C5D22616890F00BDE02F /* VisionObjectRecognitionViewController.swift */; };
/* End PBXBuildFile section */

/* Begin PBXFileReference section */
		2FB9C5BD26163D9F00BDE02F /* visionMacOS_v2.app */ = {isa = PBXFileReference; explicitFileType = wrapper.application; includeInIndex = 0; path = visionMacOS_v2.app; sourceTree = BUILT_PRODUCTS_DIR; };
		2FB9C5C026163D9F00BDE02F /* AppDelegate.swift */ = {isa = PBXFileReference; lastKnownFileType = sourcecode.swift; path = AppDelegate.swift; sourceTree = "<group>"; };
		2FB9C5C226163D9F00BDE02F /* ViewController.swift */ = {isa = PBXFileReference; lastKnownFileType = sourcecode.swift; path = ViewController.swift; sourceTree = "<group>"; };
		2FB9C5C426163DA100BDE02F /* Assets.xcassets */ = {isa = PBXFileReference; lastKnownFileType = folder.assetcatalog; path = Assets.xcassets; sourceTree = "<group>"; };
		2FB9C5C726163DA100BDE02F /* Base */ = {isa = PBXFileReference; lastKnownFileType = file.storyboard; name = Base; path = Base.lproj/Main.storyboard; sourceTree = "<group>"; };
		2FB9C5C926163DA100BDE02F /* Info.plist */ = {isa = PBXFileReference; lastKnownFileType = text.plist.xml; path = Info.plist; sourceTree = "<group>"; };
		2FB9C5CA26163DA100BDE02F /* visionMacOS_v2.entitlements */ = {isa = PBXFileReference; lastKnownFileType = text.plist.entitlements; path = visionMacOS_v2.entitlements; sourceTree = "<group>"; };
		2FB9C5D22616890F00BDE02F /* VisionObjectRecognitionViewController.swift */ = {isa = PBXFileReference; fileEncoding = 4; lastKnownFileType = sourcecode.swift; path = VisionObjectRecognitionViewController.swift; sourceTree = "<group>"; };
/* End PBXFileReference section */

/* Begin PBXFrameworksBuildPhase section */
		2FB9C5BA26163D9F00BDE02F /* Frameworks */ = {
			isa = PBXFrameworksBuildPhase;
			buildActionMask = 2147483647;
			files = (
			);
			runOnlyForDeploymentPostprocessing = 0;
		};
/* End PBXFrameworksBuildPhase section */

/* Begin PBXGroup section */
		2FB9C5B426163D9F00BDE02F = {
			isa = PBXGroup;
			children = (
				2FB9C5BF26163D9F00BDE02F /* visionMacOS_v2 */,
				2FB9C5BE26163D9F00BDE02F /* Products */,
			);
			sourceTree = "<group>";
		};
		2FB9C5BE26163D9F00BDE02F /* Products */ = {
			isa = PBXGroup;
			children = (
				2FB9C5BD26163D9F00BDE02F /* visionMacOS_v2.app */,
			);
			name = Products;
			sourceTree = "<group>";
		};
		2FB9C5BF26163D9F00BDE02F /* visionMacOS_v2 */ = {
			isa = PBXGroup;
			children = (
				2FB9C5C026163D9F00BDE02F /* AppDelegate.swift */,
				2FB9C5C226163D9F00BDE02F /* ViewController.swift */,
				2FB9C5D22616890F00BDE02F /* VisionObjectRecognitionViewController.swift */,
				2FB9C5C426163DA100BDE02F /* Assets.xcassets */,
				2FB9C5C626163DA100BDE02F /* Main.storyboard */,
				2FB9C5C926163DA100BDE02F /* Info.plist */,
				2FB9C5CA26163DA100BDE02F /* visionMacOS_v2.entitlements */,
			);
			path = visionMacOS_v2;
			sourceTree = "<group>";
		};
/* End PBXGroup section */

/* Begin PBXNativeTarget section */
		2FB9C5BC26163D9F00BDE02F /* visionMacOS_v2 */ = {
			isa = PBXNativeTarget;
			buildConfigurationList = 2FB9C5CD26163DA100BDE02F /* Build configuration list for PBXNativeTarget "visionMacOS_v2" */;
			buildPhases = (
				2FB9C5B926163D9F00BDE02F /* Sources */,
				2FB9C5BA26163D9F00BDE02F /* Frameworks */,
				2FB9C5BB26163D9F00BDE02F /* Resources */,
			);
			buildRules = (
			);
			dependencies = (
			);
			name = visionMacOS_v2;
			productName = visionMacOS_v2;
			productReference = 2FB9C5BD26163D9F00BDE02F /* visionMacOS_v2.app */;
			productType = "com.apple.product-type.application";
		};
/* End PBXNativeTarget section */

/* Begin PBXProject section */
		2FB9C5B526163D9F00BDE02F /* Project object */ = {
			isa = PBXProject;
			attributes = {
				LastSwiftUpdateCheck = 1240;
				LastUpgradeCheck = 1240;
				TargetAttributes = {
					2FB9C5BC26163D9F00BDE02F = {
						CreatedOnToolsVersion = 12.4;
					};
				};
			};
			buildConfigurationList = 2FB9C5B826163D9F00BDE02F /* Build configuration list for PBXProject "visionMacOS_v2" */;
			compatibilityVersion = "Xcode 9.3";
			developmentRegion = en;
			hasScannedForEncodings = 0;
			knownRegions = (
				en,
				Base,
			);
			mainGroup = 2FB9C5B426163D9F00BDE02F;
			productRefGroup = 2FB9C5BE26163D9F00BDE02F /* Products */;
			projectDirPath = "";
			projectRoot = "";
			targets = (
				2FB9C5BC26163D9F00BDE02F /* visionMacOS_v2 */,
			);
		};
/* End PBXProject section */

/* Begin PBXResourcesBuildPhase section */
		2FB9C5BB26163D9F00BDE02F /* Resources */ = {
			isa = PBXResourcesBuildPhase;
			buildActionMask = 2147483647;
			files = (
				2FB9C5C526163DA100BDE02F /* Assets.xcassets in Resources */,
				2FB9C5C826163DA100BDE02F /* Main.storyboard in Resources */,
			);
			runOnlyForDeploymentPostprocessing = 0;
		};
/* End PBXResourcesBuildPhase section */

/* Begin PBXSourcesBuildPhase section */
		2FB9C5B926163D9F00BDE02F /* Sources */ = {
			isa = PBXSourcesBuildPhase;
			buildActionMask = 2147483647;
			files = (
				2FB9C5D32616890F00BDE02F /* VisionObjectRecognitionViewController.swift in Sources */,
				2FB9C5C326163D9F00BDE02F /* ViewController.swift in Sources */,
				2FB9C5C126163D9F00BDE02F /* AppDelegate.swift in Sources */,
			);
			runOnlyForDeploymentPostprocessing = 0;
		};
/* End PBXSourcesBuildPhase section */

/* Begin PBXVariantGroup section */
		2FB9C5C626163DA100BDE02F /* Main.storyboard */ = {
			isa = PBXVariantGroup;
			children = (
				2FB9C5C726163DA100BDE02F /* Base */,
			);
			name = Main.storyboard;
			sourceTree = "<group>";
		};
/* End PBXVariantGroup section */

/* Begin XCBuildConfiguration section */
		2FB9C5CB26163DA100BDE02F /* Debug */ = {
			isa = XCBuildConfiguration;
			buildSettings = {
				ALWAYS_SEARCH_USER_PATHS = NO;
				CLANG_ANALYZER_NONNULL = YES;
				CLANG_ANALYZER_NUMBER_OBJECT_CONVERSION = YES_AGGRESSIVE;
				CLANG_CXX_LANGUAGE_STANDARD = "gnu++14";
				CLANG_CXX_LIBRARY = "libc++";
				CLANG_ENABLE_MODULES = YES;
				CLANG_ENABLE_OBJC_ARC = YES;
				CLANG_ENABLE_OBJC_WEAK = YES;
				CLANG_WARN_BLOCK_CAPTURE_AUTORELEASING = YES;
				CLANG_WARN_BOOL_CONVERSION = YES;
				CLANG_WARN_COMMA = YES;
				CLANG_WARN_CONSTANT_CONVERSION = YES;
				CLANG_WARN_DEPRECATED_OBJC_IMPLEMENTATIONS = YES;
				CLANG_WARN_DIRECT_OBJC_ISA_USAGE = YES_ERROR;
				CLANG_WARN_DOCUMENTATION_COMMENTS = YES;
				CLANG_WARN_EMPTY_BODY = YES;
				CLANG_WARN_ENUM_CONVERSION = YES;
				CLANG_WARN_INFINITE_RECURSION = YES;
				CLANG_WARN_INT_CONVERSION = YES;
				CLANG_WARN_NON_LITERAL_NULL_CONVERSION = YES;
				CLANG_WARN_OBJC_IMPLICIT_RETAIN_SELF = YES;
				CLANG_WARN_OBJC_LITERAL_CONVERSION = YES;
				CLANG_WARN_OBJC_ROOT_CLASS = YES_ERROR;
				CLANG_WARN_QUOTED_INCLUDE_IN_FRAMEWORK_HEADER = YES;
				CLANG_WARN_RANGE_LOOP_ANALYSIS = YES;
				CLANG_WARN_STRICT_PROTOTYPES = YES;
				CLANG_WARN_SUSPICIOUS_MOVE = YES;
				CLANG_WARN_UNGUARDED_AVAILABILITY = YES_AGGRESSIVE;
				CLANG_WARN_UNREACHABLE_CODE = YES;
				CLANG_WARN__DUPLICATE_METHOD_MATCH = YES;
				COPY_PHASE_STRIP = NO;
				DEBUG_INFORMATION_FORMAT = dwarf;
				ENABLE_STRICT_OBJC_MSGSEND = YES;
				ENABLE_TESTABILITY = YES;
				GCC_C_LANGUAGE_STANDARD = gnu11;
				GCC_DYNAMIC_NO_PIC = NO;
				GCC_NO_COMMON_BLOCKS = YES;
				GCC_OPTIMIZATION_LEVEL = 0;
				GCC_PREPROCESSOR_DEFINITIONS = (
					"DEBUG=1",
					"$(inherited)",
				);
				GCC_WARN_64_TO_32_BIT_CONVERSION = YES;
				GCC_WARN_ABOUT_RETURN_TYPE = YES_ERROR;
				GCC_WARN_UNDECLARED_SELECTOR = YES;
				GCC_WARN_UNINITIALIZED_AUTOS = YES_AGGRESSIVE;
				GCC_WARN_UNUSED_FUNCTION = YES;
				GCC_WARN_UNUSED_VARIABLE = YES;
				MACOSX_DEPLOYMENT_TARGET = 11.1;
				MTL_ENABLE_DEBUG_INFO = INCLUDE_SOURCE;
				MTL_FAST_MATH = YES;
				ONLY_ACTIVE_ARCH = YES;
				SDKROOT = macosx;
				SWIFT_ACTIVE_COMPILATION_CONDITIONS = DEBUG;
				SWIFT_OPTIMIZATION_LEVEL = "-Onone";
			};
			name = Debug;
		};
		2FB9C5CC26163DA100BDE02F /* Release */ = {
			isa = XCBuildConfiguration;
			buildSettings = {
				ALWAYS_SEARCH_USER_PATHS = NO;
				CLANG_ANALYZER_NONNULL = YES;
				CLANG_ANALYZER_NUMBER_OBJECT_CONVERSION = YES_AGGRESSIVE;
				CLANG_CXX_LANGUAGE_STANDARD = "gnu++14";
				CLANG_CXX_LIBRARY = "libc++";
				CLANG_ENABLE_MODULES = YES;
				CLANG_ENABLE_OBJC_ARC = YES;
				CLANG_ENABLE_OBJC_WEAK = YES;
				CLANG_WARN_BLOCK_CAPTURE_AUTORELEASING = YES;
				CLANG_WARN_BOOL_CONVERSION = YES;
				CLANG_WARN_COMMA = YES;
				CLANG_WARN_CONSTANT_CONVERSION = YES;
				CLANG_WARN_DEPRECATED_OBJC_IMPLEMENTATIONS = YES;
				CLANG_WARN_DIRECT_OBJC_ISA_USAGE = YES_ERROR;
				CLANG_WARN_DOCUMENTATION_COMMENTS = YES;
				CLANG_WARN_EMPTY_BODY = YES;
				CLANG_WARN_ENUM_CONVERSION = YES;
				CLANG_WARN_INFINITE_RECURSION = YES;
				CLANG_WARN_INT_CONVERSION = YES;
				CLANG_WARN_NON_LITERAL_NULL_CONVERSION = YES;
				CLANG_WARN_OBJC_IMPLICIT_RETAIN_SELF = YES;
				CLANG_WARN_OBJC_LITERAL_CONVERSION = YES;
				CLANG_WARN_OBJC_ROOT_CLASS = YES_ERROR;
				CLANG_WARN_QUOTED_INCLUDE_IN_FRAMEWORK_HEADER = YES;
				CLANG_WARN_RANGE_LOOP_ANALYSIS = YES;
				CLANG_WARN_STRICT_PROTOTYPES = YES;
				CLANG_WARN_SUSPICIOUS_MOVE = YES;
				CLANG_WARN_UNGUARDED_AVAILABILITY = YES_AGGRESSIVE;
				CLANG_WARN_UNREACHABLE_CODE = YES;
				CLANG_WARN__DUPLICATE_METHOD_MATCH = YES;
				COPY_PHASE_STRIP = NO;
				DEBUG_INFORMATION_FORMAT = "dwarf-with-dsym";
				ENABLE_NS_ASSERTIONS = NO;
				ENABLE_STRICT_OBJC_MSGSEND = YES;
				GCC_C_LANGUAGE_STANDARD = gnu11;
				GCC_NO_COMMON_BLOCKS = YES;
				GCC_WARN_64_TO_32_BIT_CONVERSION = YES;
				GCC_WARN_ABOUT_RETURN_TYPE = YES_ERROR;
				GCC_WARN_UNDECLARED_SELECTOR = YES;
				GCC_WARN_UNINITIALIZED_AUTOS = YES_AGGRESSIVE;
				GCC_WARN_UNUSED_FUNCTION = YES;
				GCC_WARN_UNUSED_VARIABLE = YES;
				MACOSX_DEPLOYMENT_TARGET = 11.1;
				MTL_ENABLE_DEBUG_INFO = NO;
				MTL_FAST_MATH = YES;
				SDKROOT = macosx;
				SWIFT_COMPILATION_MODE = wholemodule;
				SWIFT_OPTIMIZATION_LEVEL = "-O";
			};
			name = Release;
		};
		2FB9C5CE26163DA100BDE02F /* Debug */ = {
			isa = XCBuildConfiguration;
			buildSettings = {
				ASSETCATALOG_COMPILER_APPICON_NAME = AppIcon;
				ASSETCATALOG_COMPILER_GLOBAL_ACCENT_COLOR_NAME = AccentColor;
				CODE_SIGN_ENTITLEMENTS = visionMacOS_v2/visionMacOS_v2.entitlements;
				CODE_SIGN_IDENTITY = "-";
				CODE_SIGN_STYLE = Manual;
				COMBINE_HIDPI_IMAGES = YES;
				DEVELOPMENT_TEAM = "";
				ENABLE_HARDENED_RUNTIME = YES;
				INFOPLIST_FILE = visionMacOS_v2/Info.plist;
				LD_RUNPATH_SEARCH_PATHS = (
					"$(inherited)",
					"@executable_path/../Frameworks",
				);
				MACOSX_DEPLOYMENT_TARGET = 10.14;
				PRODUCT_BUNDLE_IDENTIFIER = "com.sprinkle.visionMacOS-v2";
				PRODUCT_NAME = "$(TARGET_NAME)";
				PROVISIONING_PROFILE_SPECIFIER = "";
				SWIFT_VERSION = 5.0;
			};
			name = Debug;
		};
		2FB9C5CF26163DA100BDE02F /* Release */ = {
			isa = XCBuildConfiguration;
			buildSettings = {
				ASSETCATALOG_COMPILER_APPICON_NAME = AppIcon;
				ASSETCATALOG_COMPILER_GLOBAL_ACCENT_COLOR_NAME = AccentColor;
				CODE_SIGN_ENTITLEMENTS = visionMacOS_v2/visionMacOS_v2.entitlements;
				CODE_SIGN_IDENTITY = "-";
				CODE_SIGN_STYLE = Manual;
				COMBINE_HIDPI_IMAGES = YES;
				DEVELOPMENT_TEAM = "";
				ENABLE_HARDENED_RUNTIME = YES;
				INFOPLIST_FILE = visionMacOS_v2/Info.plist;
				LD_RUNPATH_SEARCH_PATHS = (
					"$(inherited)",
					"@executable_path/../Frameworks",
				);
				MACOSX_DEPLOYMENT_TARGET = 10.14;
				PRODUCT_BUNDLE_IDENTIFIER = "com.sprinkle.visionMacOS-v2";
				PRODUCT_NAME = "$(TARGET_NAME)";
				PROVISIONING_PROFILE_SPECIFIER = "";
				SWIFT_VERSION = 5.0;
			};
			name = Release;
		};
/* End XCBuildConfiguration section */

/* Begin XCConfigurationList section */
		2FB9C5B826163D9F00BDE02F /* Build configuration list for PBXProject "visionMacOS_v2" */ = {
			isa = XCConfigurationList;
			buildConfigurations = (
				2FB9C5CB26163DA100BDE02F /* Debug */,
				2FB9C5CC26163DA100BDE02F /* Release */,
			);
			defaultConfigurationIsVisible = 0;
			defaultConfigurationName = Release;
		};
		2FB9C5CD26163DA100BDE02F /* Build configuration list for PBXNativeTarget "visionMacOS_v2" */ = {
			isa = XCConfigurationList;
			buildConfigurations = (
				2FB9C5CE26163DA100BDE02F /* Debug */,
				2FB9C5CF26163DA100BDE02F /* Release */,
			);
			defaultConfigurationIsVisible = 0;
			defaultConfigurationName = Release;
		};
/* End XCConfigurationList section */
	};
	rootObject = 2FB9C5B526163D9F00BDE02F /* Project object */;
}
